
Microsoft Visual Studio Solution File, Format Version 12.00
Project("{FAE04EC0-301F-11D3-BF4B-00C04F79EFBC}") = "Desafiofiap", "Desafiofiap.csproj", "{BEDFF9E7-E59E-4017-A6BC-A8D11EB8BEB1}"
EndProject
Global
	GlobalSection(SolutionConfigurationPlatforms) = preSolution
		Debug|Any CPU = Debug|Any CPU
		Release|Any CPU = Release|Any CPU
	EndGlobalSection
	GlobalSection(ProjectConfigurationPlatforms) = postSolution
		{BEDFF9E7-E59E-4017-A6BC-A8D11EB8BEB1}.Debug|Any CPU.ActiveCfg = Debug|Any CPU
		{BEDFF9E7-E59E-4017-A6BC-A8D11EB8BEB1}.Debug|Any CPU.Build.0 = Debug|Any CPU
		{BEDFF9E7-E59E-4017-A6BC-A8D11EB8BEB1}.Release|Any CPU.ActiveCfg = Release|Any CPU
		{BEDFF9E7-E59E-4017-A6BC-A8D11EB8BEB1}.Release|Any CPU.Build.0 = Release|Any CPU
	EndGlobalSection
EndGlobal
